
Microsoft Visual Studio Solution File, Format Version 12.00
# Visual Studio Version 16
VisualStudioVersion = 16.0.29215.179
MinimumVisualStudioVersion = 10.0.40219.1
Project("{FAE04EC0-301F-11D3-BF4B-00C04F79EFBC}") = "MultiPlayer", "MultiPlayer\MultiPlayer.csproj", "{C1D6604C-1708-4CF7-84F6-EB93F94B1FB3}"
EndProject
Project("{FAE04EC0-301F-11D3-BF4B-00C04F79EFBC}") = "Server", "Server\Server.csproj", "{983BFE60-7FE4-4748-BFA6-C31150E63A66}"
EndProject
Project("{FAE04EC0-301F-11D3-BF4B-00C04F79EFBC}") = "Client", "Client\Client.csproj", "{23E12CAE-7F8D-40B2-9D61-DC87E4B749F1}"
EndProject
Project("{FAE04EC0-301F-11D3-BF4B-00C04F79EFBC}") = "SharedComponents", "SharedComponents\SharedComponents.csproj", "{94AA3730-34AD-4D6D-BE6D-FCF5684A4874}"
EndProject
Project("{FAE04EC0-301F-11D3-BF4B-00C04F79EFBC}") = "Api", "Api\Api.csproj", "{06290E12-6B8B-4F0F-A443-B345DB0AC6A5}"
EndProject
Global
	GlobalSection(SolutionConfigurationPlatforms) = preSolution
		Debug|Any CPU = Debug|Any CPU
		Release|Any CPU = Release|Any CPU
	EndGlobalSection
	GlobalSection(ProjectConfigurationPlatforms) = postSolution
		{C1D6604C-1708-4CF7-84F6-EB93F94B1FB3}.Debug|Any CPU.ActiveCfg = Debug|Any CPU
		{C1D6604C-1708-4CF7-84F6-EB93F94B1FB3}.Debug|Any CPU.Build.0 = Debug|Any CPU
		{C1D6604C-1708-4CF7-84F6-EB93F94B1FB3}.Release|Any CPU.ActiveCfg = Release|Any CPU
		{C1D6604C-1708-4CF7-84F6-EB93F94B1FB3}.Release|Any CPU.Build.0 = Release|Any CPU
		{983BFE60-7FE4-4748-BFA6-C31150E63A66}.Debug|Any CPU.ActiveCfg = Debug|Any CPU
		{983BFE60-7FE4-4748-BFA6-C31150E63A66}.Debug|Any CPU.Build.0 = Debug|Any CPU
		{983BFE60-7FE4-4748-BFA6-C31150E63A66}.Release|Any CPU.ActiveCfg = Release|Any CPU
		{983BFE60-7FE4-4748-BFA6-C31150E63A66}.Release|Any CPU.Build.0 = Release|Any CPU
		{23E12CAE-7F8D-40B2-9D61-DC87E4B749F1}.Debug|Any CPU.ActiveCfg = Debug|Any CPU
		{23E12CAE-7F8D-40B2-9D61-DC87E4B749F1}.Debug|Any CPU.Build.0 = Debug|Any CPU
		{23E12CAE-7F8D-40B2-9D61-DC87E4B749F1}.Release|Any CPU.ActiveCfg = Release|Any CPU
		{23E12CAE-7F8D-40B2-9D61-DC87E4B749F1}.Release|Any CPU.Build.0 = Release|Any CPU
		{94AA3730-34AD-4D6D-BE6D-FCF5684A4874}.Debug|Any CPU.ActiveCfg = Debug|Any CPU
		{94AA3730-34AD-4D6D-BE6D-FCF5684A4874}.Debug|Any CPU.Build.0 = Debug|Any CPU
		{94AA3730-34AD-4D6D-BE6D-FCF5684A4874}.Release|Any CPU.ActiveCfg = Release|Any CPU
		{94AA3730-34AD-4D6D-BE6D-FCF5684A4874}.Release|Any CPU.Build.0 = Release|Any CPU
		{06290E12-6B8B-4F0F-A443-B345DB0AC6A5}.Debug|Any CPU.ActiveCfg = Debug|Any CPU
		{06290E12-6B8B-4F0F-A443-B345DB0AC6A5}.Debug|Any CPU.Build.0 = Debug|Any CPU
		{06290E12-6B8B-4F0F-A443-B345DB0AC6A5}.Release|Any CPU.ActiveCfg = Release|Any CPU
		{06290E12-6B8B-4F0F-A443-B345DB0AC6A5}.Release|Any CPU.Build.0 = Release|Any CPU
	EndGlobalSection
	GlobalSection(SolutionProperties) = preSolution
		HideSolutionNode = FALSE
	EndGlobalSection
	GlobalSection(ExtensibilityGlobals) = postSolution
		SolutionGuid = {97E59670-8230-4FB5-9128-0F3B728A25B4}
	EndGlobalSection
EndGlobal
